
Microsoft Visual Studio Solution File, Format Version 12.00
# Visual Studio Version 16
VisualStudioVersion = 16.0.29920.165
MinimumVisualStudioVersion = 10.0.40219.1
Project("{FAE04EC0-301F-11D3-BF4B-00C04F79EFBC}") = "EmployeeApi", "EmployeeApi\EmployeeApi.csproj", "{347C4F26-4A50-4C21-B78C-1B92636C9525}"
EndProject
Project("{FAE04EC0-301F-11D3-BF4B-00C04F79EFBC}") = "DAL", "DAL\DAL.csproj", "{1EC858DA-1E8E-4A91-B03A-D2A665B20AF5}"
EndProject
Global
	GlobalSection(SolutionConfigurationPlatforms) = preSolution
		Debug|Any CPU = Debug|Any CPU
		Release|Any CPU = Release|Any CPU
	EndGlobalSection
	GlobalSection(ProjectConfigurationPlatforms) = postSolution
		{347C4F26-4A50-4C21-B78C-1B92636C9525}.Debug|Any CPU.ActiveCfg = Debug|Any CPU
		{347C4F26-4A50-4C21-B78C-1B92636C9525}.Debug|Any CPU.Build.0 = Debug|Any CPU
		{347C4F26-4A50-4C21-B78C-1B92636C9525}.Release|Any CPU.ActiveCfg = Release|Any CPU
		{347C4F26-4A50-4C21-B78C-1B92636C9525}.Release|Any CPU.Build.0 = Release|Any CPU
		{1EC858DA-1E8E-4A91-B03A-D2A665B20AF5}.Debug|Any CPU.ActiveCfg = Debug|Any CPU
		{1EC858DA-1E8E-4A91-B03A-D2A665B20AF5}.Debug|Any CPU.Build.0 = Debug|Any CPU
		{1EC858DA-1E8E-4A91-B03A-D2A665B20AF5}.Release|Any CPU.ActiveCfg = Release|Any CPU
		{1EC858DA-1E8E-4A91-B03A-D2A665B20AF5}.Release|Any CPU.Build.0 = Release|Any CPU
	EndGlobalSection
	GlobalSection(SolutionProperties) = preSolution
		HideSolutionNode = FALSE
	EndGlobalSection
	GlobalSection(ExtensibilityGlobals) = postSolution
		SolutionGuid = {6DBD5102-6226-4566-A533-E09460FF96D9}
	EndGlobalSection
EndGlobal
